github.com/d2r2/go-i2c v0.0.0-20181106120903-cd1f5f040ed6 h1:CKKVUDihH382VI9E9p/7Y46/Z5iXgOI7+qZ6tZea4ZM=
github.com/d2r2/go-i2c v0.0.0-20181106120903-cd1f5f040ed6/go.mod h1:AwxDPnsgIpy47jbGXZHA9Rv7pDkOJvQbezPuK1Y+nNk=
github.com/d2r2/go-logger v0.0.0-20181002101108-49d264032daf h1:w86yqNbKRq01cCM+87jWC1/z3E/Nts5x0FcETRAAGgc=
github.com/d2r2/go-logger v0.0.0-20181002101108-49d264032daf/go.mod h1:oA+9PUt8F1aKJ6o4YU1T120i7sgo1T6/1LWEEBy0BSs=
github.com/d2r2/go-shell v0.0.0-20181002100851-c94f62cb3f85 h1:J6zsXuxVaMnX0CXjlyWuIQiIgtoVme+8iA5sR4TCip8=
github.com/d2r2/go-shell v0.0.0-20181002100851-c94f62cb3f85/go.mod h1:FdrNob+jQ3UkEpNVeZFVn8mW86Aa2wa6U5z0vGQOEXQ=
github.com/davecgh/go-spew v1.1.1 h1:vj9j/u1bqnvCEfJOwUhtlOARqs3+rkHYY13jYWTU97c=
github.com/davecgh/go-spew v1.1.1/go.mod h1:J7Y8YcW2NihsgmVo/mv3lAwl/skON4iLHjSsI+c5H38=
github.com/pkg/errors v0.8.0 h1:WdK/asTD0HN+q6hsWO3/vpuAkAr+tw6aNJNDFFf0+qw=
github.com/pkg/errors v0.8.0/go.mod h1:bwawxfHBFNV+L2hUp1rHADufV3IMtnDRdf1r5NINEl0=
github.com/stianeikeland/go-rpio v3.0.0+incompatible h1:AWDcfdnPPZ7Jikis6HNj0EgujMfB4t7oi4nZd5cIqko=
github.com/stianeikeland/go-rpio v3.0.0+incompatible/go.mod h1:Sh81rdJwD96E2wja2Gd7rrKM+XZ9LrwvN2w4IXrqLR8=
